{
  "requires": true,
  "lockfileVersion": 1,
  "dependencies": {
    "freeice": {
      "version": "2.2.2",
      "resolved": "http://registry.npm.taobao.org/freeice/download/freeice-2.2.2.tgz",
      "integrity": "sha1-9ms+D2fC/ag1Fh921IhIgc3oO+Q=",
      "requires": {
        "normalice": "^1.0.0"
      }
    },
    "hark": {
      "version": "1.1.3",
      "resolved": "http://registry.npm.taobao.org/hark/download/hark-1.1.3.tgz",
      "integrity": "sha1-Z5y3hsSPKxl3aMidej4NisYm1Vg=",
      "requires": {
        "wildemitter": "^1.2.0"
      }
    },
    "inherits": {
      "version": "2.0.3",
      "resolved": "http://registry.npm.taobao.org/inherits/download/inherits-2.0.3.tgz",
      "integrity": "sha1-Yzwsg+PaQqUC9SRmAiSA9CCCYd4="
    },
    "kurento-browser-extensions": {
      "version": "0.0.2",
      "resolved": "http://registry.npm.taobao.org/kurento-browser-extensions/download/kurento-browser-extensions-0.0.2.tgz",
      "integrity": "sha1-SyusK4IKoAS3JKz2rj603+gSars=",
      "optional": true
    },
    "kurento-utils": {
      "version": "6.8.0",
      "resolved": "http://registry.npm.taobao.org/kurento-utils/download/kurento-utils-6.8.0.tgz",
      "integrity": "sha1-IxCk7OtinLGSL0C26s6Rhny8tt0=",
      "requires": {
        "freeice": "^2.1.2",
        "hark": "1.1.3",
        "inherits": "^2.0.1",
        "kurento-browser-extensions": "*",
        "merge": "^1.2.0",
        "sdp-translator": "^0.1.15",
        "ua-parser-js": "^0.7.7",
        "uuid": "~2.0.1"
      }
    },
    "merge": {
      "version": "1.2.0",
      "resolved": "http://registry.npm.taobao.org/merge/download/merge-1.2.0.tgz",
      "integrity": "sha1-dTHjnUlJwoGma4xabgJl6LBYlNo="
    },
    "normalice": {
      "version": "1.0.1",
      "resolved": "http://registry.npm.taobao.org/normalice/download/normalice-1.0.1.tgz",
      "integrity": "sha1-A0NcLuzVYxprygLaOTDsPjRagPc="
    },
    "sdp-transform": {
      "version": "1.5.3",
      "resolved": "http://registry.npm.taobao.org/sdp-transform/download/sdp-transform-1.5.3.tgz",
      "integrity": "sha1-im0Pi9aZzjq8MQuksc3lmJKKCBY="
    },
    "sdp-translator": {
      "version": "0.1.24",
      "resolved": "http://registry.npm.taobao.org/sdp-translator/download/sdp-translator-0.1.24.tgz",
      "integrity": "sha1-g/uNY0pj8VzZlEI33ZC9QGkGxvM=",
      "requires": {
        "sdp-transform": "1.5.*"
      }
    },
    "ua-parser-js": {
      "version": "0.7.18",
      "resolved": "http://registry.npm.taobao.org/ua-parser-js/download/ua-parser-js-0.7.18.tgz",
      "integrity": "sha1-p7/ZL1bt+xFwg7aeMdKqiILUse0="
    },
    "uuid": {
      "version": "2.0.3",
      "resolved": "http://registry.npm.taobao.org/uuid/download/uuid-2.0.3.tgz",
      "integrity": "sha1-Z+LoY3lyFVMN/zGOW/nc6/1Hsho="
    },
    "wildemitter": {
      "version": "1.2.0",
      "resolved": "http://registry.npm.taobao.org/wildemitter/download/wildemitter-1.2.0.tgz",
      "integrity": "sha1-Kd06ctaZw+J53QIcPNIVC4LJohE="
    }
  }
}
